
Microsoft Visual Studio Solution File, Format Version 12.00
# Visual Studio 15
VisualStudioVersion = 15.0.26430.16
MinimumVisualStudioVersion = 10.0.40219.1
Project("{FAE04EC0-301F-11D3-BF4B-00C04F79EFBC}") = "WebApi.Demos.NancyFX", "WebApi.Demos.NancyFX\WebApi.Demos.NancyFX.csproj", "{7AF52AD8-677E-4FEE-B96E-599E1A0C696B}"
EndProject
Global
	GlobalSection(SolutionConfigurationPlatforms) = preSolution
		Debug|Any CPU = Debug|Any CPU
		Release|Any CPU = Release|Any CPU
	EndGlobalSection
	GlobalSection(ProjectConfigurationPlatforms) = postSolution
		{7AF52AD8-677E-4FEE-B96E-599E1A0C696B}.Debug|Any CPU.ActiveCfg = Debug|Any CPU
		{7AF52AD8-677E-4FEE-B96E-599E1A0C696B}.Debug|Any CPU.Build.0 = Debug|Any CPU
		{7AF52AD8-677E-4FEE-B96E-599E1A0C696B}.Release|Any CPU.ActiveCfg = Release|Any CPU
		{7AF52AD8-677E-4FEE-B96E-599E1A0C696B}.Release|Any CPU.Build.0 = Release|Any CPU
	EndGlobalSection
	GlobalSection(SolutionProperties) = preSolution
		HideSolutionNode = FALSE
	EndGlobalSection
EndGlobal
